
Microsoft Visual Studio Solution File, Format Version 12.00
# Visual Studio Version 16
VisualStudioVersion = 16.0.29318.209
MinimumVisualStudioVersion = 10.0.40219.1
Project("{9A19103F-16F7-4668-BE54-9A1E7A4F7556}") = "Safetica.PropertiesFileEditor", "Safetica.PropertiesFileEditor\Safetica.PropertiesFileEditor.csproj", "{1964F8A1-2769-47C4-8431-25B63A49E298}"
EndProject
Project("{2150E333-8FDC-42A3-9474-1A3956D46DE8}") = "Business", "Business", "{CC404B40-42E5-4970-BEEF-C97CCD212524}"
EndProject
Project("{9A19103F-16F7-4668-BE54-9A1E7A4F7556}") = "Safetica.Business", "Safetica.Business\Safetica.Business.csproj", "{E7929E15-D90C-4378-BF64-1879621F9A27}"
EndProject
Project("{9A19103F-16F7-4668-BE54-9A1E7A4F7556}") = "Safetica.Business.Interface", "Safetica.Business.Interface\Safetica.Business.Interface.csproj", "{57730993-CB7E-45D3-A85F-80A066FD042F}"
EndProject
Project("{FAE04EC0-301F-11D3-BF4B-00C04F79EFBC}") = "Safetica.Entities", "Safetica.Entities\Safetica.Entities.csproj", "{B3E14DAB-3B7F-4255-9912-AAA3220F07F2}"
EndProject
Global
	GlobalSection(SolutionConfigurationPlatforms) = preSolution
		Debug|Any CPU = Debug|Any CPU
		Release|Any CPU = Release|Any CPU
	EndGlobalSection
	GlobalSection(ProjectConfigurationPlatforms) = postSolution
		{1964F8A1-2769-47C4-8431-25B63A49E298}.Debug|Any CPU.ActiveCfg = Debug|Any CPU
		{1964F8A1-2769-47C4-8431-25B63A49E298}.Debug|Any CPU.Build.0 = Debug|Any CPU
		{1964F8A1-2769-47C4-8431-25B63A49E298}.Release|Any CPU.ActiveCfg = Release|Any CPU
		{1964F8A1-2769-47C4-8431-25B63A49E298}.Release|Any CPU.Build.0 = Release|Any CPU
		{E7929E15-D90C-4378-BF64-1879621F9A27}.Debug|Any CPU.ActiveCfg = Debug|Any CPU
		{E7929E15-D90C-4378-BF64-1879621F9A27}.Debug|Any CPU.Build.0 = Debug|Any CPU
		{E7929E15-D90C-4378-BF64-1879621F9A27}.Release|Any CPU.ActiveCfg = Release|Any CPU
		{E7929E15-D90C-4378-BF64-1879621F9A27}.Release|Any CPU.Build.0 = Release|Any CPU
		{57730993-CB7E-45D3-A85F-80A066FD042F}.Debug|Any CPU.ActiveCfg = Debug|Any CPU
		{57730993-CB7E-45D3-A85F-80A066FD042F}.Debug|Any CPU.Build.0 = Debug|Any CPU
		{57730993-CB7E-45D3-A85F-80A066FD042F}.Release|Any CPU.ActiveCfg = Release|Any CPU
		{57730993-CB7E-45D3-A85F-80A066FD042F}.Release|Any CPU.Build.0 = Release|Any CPU
		{B3E14DAB-3B7F-4255-9912-AAA3220F07F2}.Debug|Any CPU.ActiveCfg = Debug|Any CPU
		{B3E14DAB-3B7F-4255-9912-AAA3220F07F2}.Debug|Any CPU.Build.0 = Debug|Any CPU
		{B3E14DAB-3B7F-4255-9912-AAA3220F07F2}.Release|Any CPU.ActiveCfg = Release|Any CPU
		{B3E14DAB-3B7F-4255-9912-AAA3220F07F2}.Release|Any CPU.Build.0 = Release|Any CPU
	EndGlobalSection
	GlobalSection(SolutionProperties) = preSolution
		HideSolutionNode = FALSE
	EndGlobalSection
	GlobalSection(NestedProjects) = preSolution
		{E7929E15-D90C-4378-BF64-1879621F9A27} = {CC404B40-42E5-4970-BEEF-C97CCD212524}
		{57730993-CB7E-45D3-A85F-80A066FD042F} = {CC404B40-42E5-4970-BEEF-C97CCD212524}
	EndGlobalSection
	GlobalSection(ExtensibilityGlobals) = postSolution
		SolutionGuid = {FC66F862-58F4-40B3-9261-86D665505821}
	EndGlobalSection
EndGlobal
